// !$*UTF8*$!
{
	archiveVersion = 1;
	classes = {
	};
	objectVersion = 46;
	objects = {

/* Begin PBXBuildFile section */
		7B68D3511C138E7F00B9CA58 /* ScheduleService.m in Sources */ = {isa = PBXBuildFile; fileRef = 7B68D3501C138E7F00B9CA58 /* ScheduleService.m */; };
		7BEE8BB01C136C68000C7521 /* main.m in Sources */ = {isa = PBXBuildFile; fileRef = 7BEE8BAF1C136C68000C7521 /* main.m */; };
		7BEE8BB31C136C68000C7521 /* AppDelegate.m in Sources */ = {isa = PBXBuildFile; fileRef = 7BEE8BB21C136C68000C7521 /* AppDelegate.m */; };
		7BEE8BB61C136C68000C7521 /* ViewController.m in Sources */ = {isa = PBXBuildFile; fileRef = 7BEE8BB51C136C68000C7521 /* ViewController.m */; };
		7BEE8BB91C136C68000C7521 /* Main.storyboard in Resources */ = {isa = PBXBuildFile; fileRef = 7BEE8BB71C136C68000C7521 /* Main.storyboard */; };
		7BEE8BBB1C136C68000C7521 /* Assets.xcassets in Resources */ = {isa = PBXBuildFile; fileRef = 7BEE8BBA1C136C68000C7521 /* Assets.xcassets */; };
		7BEE8BBE1C136C68000C7521 /* LaunchScreen.storyboard in Resources */ = {isa = PBXBuildFile; fileRef = 7BEE8BBC1C136C68000C7521 /* LaunchScreen.storyboard */; };
		7BEE8BC91C136C69000C7521 /* myhummTests.m in Sources */ = {isa = PBXBuildFile; fileRef = 7BEE8BC81C136C69000C7521 /* myhummTests.m */; };
		7BEE8BD41C136C69000C7521 /* myhummUITests.m in Sources */ = {isa = PBXBuildFile; fileRef = 7BEE8BD31C136C69000C7521 /* myhummUITests.m */; };
		7BEE8BFC1C136E29000C7521 /* Artist.m in Sources */ = {isa = PBXBuildFile; fileRef = 7BEE8BE21C136E29000C7521 /* Artist.m */; };
		7BEE8BFD1C136E29000C7521 /* LoginInfo.m in Sources */ = {isa = PBXBuildFile; fileRef = 7BEE8BE41C136E29000C7521 /* LoginInfo.m */; };
		7BEE8BFE1C136E29000C7521 /* Playlist.m in Sources */ = {isa = PBXBuildFile; fileRef = 7BEE8BE61C136E29000C7521 /* Playlist.m */; };
		7BEE8BFF1C136E29000C7521 /* Song.m in Sources */ = {isa = PBXBuildFile; fileRef = 7BEE8BE81C136E29000C7521 /* Song.m */; };
		7BEE8C001C136E29000C7521 /* User.m in Sources */ = {isa = PBXBuildFile; fileRef = 7BEE8BEA1C136E29000C7521 /* User.m */; };
		7BEE8C011C136E29000C7521 /* ArtistsAPI.m in Sources */ = {isa = PBXBuildFile; fileRef = 7BEE8BED1C136E29000C7521 /* ArtistsAPI.m */; };
		7BEE8C021C136E29000C7521 /* OthersAPI.m in Sources */ = {isa = PBXBuildFile; fileRef = 7BEE8BEF1C136E29000C7521 /* OthersAPI.m */; };
		7BEE8C031C136E29000C7521 /* PlaylistsAPI.m in Sources */ = {isa = PBXBuildFile; fileRef = 7BEE8BF11C136E29000C7521 /* PlaylistsAPI.m */; };
		7BEE8C041C136E29000C7521 /* SongsAPI.m in Sources */ = {isa = PBXBuildFile; fileRef = 7BEE8BF31C136E29000C7521 /* SongsAPI.m */; };
		7BEE8C051C136E29000C7521 /* UserAPI.m in Sources */ = {isa = PBXBuildFile; fileRef = 7BEE8BF51C136E29000C7521 /* UserAPI.m */; };
		7BEE8C061C136E29000C7521 /* HummAPI.m in Sources */ = {isa = PBXBuildFile; fileRef = 7BEE8BF81C136E29000C7521 /* HummAPI.m */; };
		7BEE8C071C136E29000C7521 /* AFNetworkActivityLogger.m in Sources */ = {isa = PBXBuildFile; fileRef = 7BEE8BFA1C136E29000C7521 /* AFNetworkActivityLogger.m */; };
		93BA72BA1C1392D300AE6DA2 /* ScheduleItem.m in Sources */ = {isa = PBXBuildFile; fileRef = 93BA72B91C1392D300AE6DA2 /* ScheduleItem.m */; };
		EA36A9A5C1F05B90C7D8834F /* libPods-myhumm.a in Frameworks */ = {isa = PBXBuildFile; fileRef = 8972EE0BE285C456C0894956 /* libPods-myhumm.a */; };
/* End PBXBuildFile section */

/* Begin PBXContainerItemProxy section */
		7BEE8BC51C136C69000C7521 /* PBXContainerItemProxy */ = {
			isa = PBXContainerItemProxy;
			containerPortal = 7BEE8BA31C136C68000C7521 /* Project object */;
			proxyType = 1;
			remoteGlobalIDString = 7BEE8BAA1C136C68000C7521;
			remoteInfo = myhumm;
		};
		7BEE8BD01C136C69000C7521 /* PBXContainerItemProxy */ = {
			isa = PBXContainerItemProxy;
			containerPortal = 7BEE8BA31C136C68000C7521 /* Project object */;
			proxyType = 1;
			remoteGlobalIDString = 7BEE8BAA1C136C68000C7521;
			remoteInfo = myhumm;
		};
/* End PBXContainerItemProxy section */

/* Begin PBXFileReference section */
		21661BFA046EA132D795AF5B /* Pods-myhumm.release.xcconfig */ = {isa = PBXFileReference; includeInIndex = 1; lastKnownFileType = text.xcconfig; name = "Pods-myhumm.release.xcconfig"; path = "Pods/Target Support Files/Pods-myhumm/Pods-myhumm.release.xcconfig"; sourceTree = "<group>"; };
		7B68D34F1C138E7F00B9CA58 /* ScheduleService.h */ = {isa = PBXFileReference; fileEncoding = 4; lastKnownFileType = sourcecode.c.h; path = ScheduleService.h; sourceTree = "<group>"; };
		7B68D3501C138E7F00B9CA58 /* ScheduleService.m */ = {isa = PBXFileReference; fileEncoding = 4; lastKnownFileType = sourcecode.c.objc; path = ScheduleService.m; sourceTree = "<group>"; };
		7BEE8BAB1C136C68000C7521 /* myhumm.app */ = {isa = PBXFileReference; explicitFileType = wrapper.application; includeInIndex = 0; path = myhumm.app; sourceTree = BUILT_PRODUCTS_DIR; };
		7BEE8BAF1C136C68000C7521 /* main.m */ = {isa = PBXFileReference; lastKnownFileType = sourcecode.c.objc; path = main.m; sourceTree = "<group>"; };
		7BEE8BB11C136C68000C7521 /* AppDelegate.h */ = {isa = PBXFileReference; lastKnownFileType = sourcecode.c.h; path = AppDelegate.h; sourceTree = "<group>"; };
		7BEE8BB21C136C68000C7521 /* AppDelegate.m */ = {isa = PBXFileReference; lastKnownFileType = sourcecode.c.objc; path = AppDelegate.m; sourceTree = "<group>"; };
		7BEE8BB41C136C68000C7521 /* ViewController.h */ = {isa = PBXFileReference; lastKnownFileType = sourcecode.c.h; path = ViewController.h; sourceTree = "<group>"; };
		7BEE8BB51C136C68000C7521 /* ViewController.m */ = {isa = PBXFileReference; lastKnownFileType = sourcecode.c.objc; path = ViewController.m; sourceTree = "<group>"; };
		7BEE8BB81C136C68000C7521 /* Base */ = {isa = PBXFileReference; lastKnownFileType = file.storyboard; name = Base; path = Base.lproj/Main.storyboard; sourceTree = "<group>"; };
		7BEE8BBA1C136C68000C7521 /* Assets.xcassets */ = {isa = PBXFileReference; lastKnownFileType = folder.assetcatalog; path = Assets.xcassets; sourceTree = "<group>"; };
		7BEE8BBD1C136C68000C7521 /* Base */ = {isa = PBXFileReference; lastKnownFileType = file.storyboard; name = Base; path = Base.lproj/LaunchScreen.storyboard; sourceTree = "<group>"; };
		7BEE8BBF1C136C68000C7521 /* Info.plist */ = {isa = PBXFileReference; lastKnownFileType = text.plist.xml; path = Info.plist; sourceTree = "<group>"; };
		7BEE8BC41C136C69000C7521 /* myhummTests.xctest */ = {isa = PBXFileReference; explicitFileType = wrapper.cfbundle; includeInIndex = 0; path = myhummTests.xctest; sourceTree = BUILT_PRODUCTS_DIR; };
		7BEE8BC81C136C69000C7521 /* myhummTests.m */ = {isa = PBXFileReference; lastKnownFileType = sourcecode.c.objc; path = myhummTests.m; sourceTree = "<group>"; };
		7BEE8BCA1C136C69000C7521 /* Info.plist */ = {isa = PBXFileReference; lastKnownFileType = text.plist.xml; path = Info.plist; sourceTree = "<group>"; };
		7BEE8BCF1C136C69000C7521 /* myhummUITests.xctest */ = {isa = PBXFileReference; explicitFileType = wrapper.cfbundle; includeInIndex = 0; path = myhummUITests.xctest; sourceTree = BUILT_PRODUCTS_DIR; };
		7BEE8BD31C136C69000C7521 /* myhummUITests.m */ = {isa = PBXFileReference; lastKnownFileType = sourcecode.c.objc; path = myhummUITests.m; sourceTree = "<group>"; };
		7BEE8BD51C136C69000C7521 /* Info.plist */ = {isa = PBXFileReference; lastKnownFileType = text.plist.xml; path = Info.plist; sourceTree = "<group>"; };
		7BEE8BE11C136E29000C7521 /* Artist.h */ = {isa = PBXFileReference; fileEncoding = 4; lastKnownFileType = sourcecode.c.h; path = Artist.h; sourceTree = "<group>"; };
		7BEE8BE21C136E29000C7521 /* Artist.m */ = {isa = PBXFileReference; fileEncoding = 4; lastKnownFileType = sourcecode.c.objc; path = Artist.m; sourceTree = "<group>"; };
		7BEE8BE31C136E29000C7521 /* LoginInfo.h */ = {isa = PBXFileReference; fileEncoding = 4; lastKnownFileType = sourcecode.c.h; path = LoginInfo.h; sourceTree = "<group>"; };
		7BEE8BE41C136E29000C7521 /* LoginInfo.m */ = {isa = PBXFileReference; fileEncoding = 4; lastKnownFileType = sourcecode.c.objc; path = LoginInfo.m; sourceTree = "<group>"; };
		7BEE8BE51C136E29000C7521 /* Playlist.h */ = {isa = PBXFileReference; fileEncoding = 4; lastKnownFileType = sourcecode.c.h; path = Playlist.h; sourceTree = "<group>"; };
		7BEE8BE61C136E29000C7521 /* Playlist.m */ = {isa = PBXFileReference; fileEncoding = 4; lastKnownFileType = sourcecode.c.objc; path = Playlist.m; sourceTree = "<group>"; };
		7BEE8BE71C136E29000C7521 /* Song.h */ = {isa = PBXFileReference; fileEncoding = 4; lastKnownFileType = sourcecode.c.h; path = Song.h; sourceTree = "<group>"; };
		7BEE8BE81C136E29000C7521 /* Song.m */ = {isa = PBXFileReference; fileEncoding = 4; lastKnownFileType = sourcecode.c.objc; path = Song.m; sourceTree = "<group>"; };
		7BEE8BE91C136E29000C7521 /* User.h */ = {isa = PBXFileReference; fileEncoding = 4; lastKnownFileType = sourcecode.c.h; path = User.h; sourceTree = "<group>"; };
		7BEE8BEA1C136E29000C7521 /* User.m */ = {isa = PBXFileReference; fileEncoding = 4; lastKnownFileType = sourcecode.c.objc; path = User.m; sourceTree = "<group>"; };
		7BEE8BEC1C136E29000C7521 /* ArtistsAPI.h */ = {isa = PBXFileReference; fileEncoding = 4; lastKnownFileType = sourcecode.c.h; path = ArtistsAPI.h; sourceTree = "<group>"; };
		7BEE8BED1C136E29000C7521 /* ArtistsAPI.m */ = {isa = PBXFileReference; fileEncoding = 4; lastKnownFileType = sourcecode.c.objc; path = ArtistsAPI.m; sourceTree = "<group>"; };
		7BEE8BEE1C136E29000C7521 /* OthersAPI.h */ = {isa = PBXFileReference; fileEncoding = 4; lastKnownFileType = sourcecode.c.h; path = OthersAPI.h; sourceTree = "<group>"; };
		7BEE8BEF1C136E29000C7521 /* OthersAPI.m */ = {isa = PBXFileReference; fileEncoding = 4; lastKnownFileType = sourcecode.c.objc; path = OthersAPI.m; sourceTree = "<group>"; };
		7BEE8BF01C136E29000C7521 /* PlaylistsAPI.h */ = {isa = PBXFileReference; fileEncoding = 4; lastKnownFileType = sourcecode.c.h; path = PlaylistsAPI.h; sourceTree = "<group>"; };
		7BEE8BF11C136E29000C7521 /* PlaylistsAPI.m */ = {isa = PBXFileReference; fileEncoding = 4; lastKnownFileType = sourcecode.c.objc; path = PlaylistsAPI.m; sourceTree = "<group>"; };
		7BEE8BF21C136E29000C7521 /* SongsAPI.h */ = {isa = PBXFileReference; fileEncoding = 4; lastKnownFileType = sourcecode.c.h; path = SongsAPI.h; sourceTree = "<group>"; };
		7BEE8BF31C136E29000C7521 /* SongsAPI.m */ = {isa = PBXFileReference; fileEncoding = 4; lastKnownFileType = sourcecode.c.objc; path = SongsAPI.m; sourceTree = "<group>"; };
		7BEE8BF41C136E29000C7521 /* UserAPI.h */ = {isa = PBXFileReference; fileEncoding = 4; lastKnownFileType = sourcecode.c.h; path = UserAPI.h; sourceTree = "<group>"; };
		7BEE8BF51C136E29000C7521 /* UserAPI.m */ = {isa = PBXFileReference; fileEncoding = 4; lastKnownFileType = sourcecode.c.objc; path = UserAPI.m; sourceTree = "<group>"; };
		7BEE8BF71C136E29000C7521 /* HummAPI.h */ = {isa = PBXFileReference; fileEncoding = 4; lastKnownFileType = sourcecode.c.h; path = HummAPI.h; sourceTree = "<group>"; };
		7BEE8BF81C136E29000C7521 /* HummAPI.m */ = {isa = PBXFileReference; fileEncoding = 4; lastKnownFileType = sourcecode.c.objc; path = HummAPI.m; sourceTree = "<group>"; };
		7BEE8BF91C136E29000C7521 /* AFNetworkActivityLogger.h */ = {isa = PBXFileReference; fileEncoding = 4; lastKnownFileType = sourcecode.c.h; path = AFNetworkActivityLogger.h; sourceTree = "<group>"; };
		7BEE8BFA1C136E29000C7521 /* AFNetworkActivityLogger.m */ = {isa = PBXFileReference; fileEncoding = 4; lastKnownFileType = sourcecode.c.objc; path = AFNetworkActivityLogger.m; sourceTree = "<group>"; };
		8972EE0BE285C456C0894956 /* libPods-myhumm.a */ = {isa = PBXFileReference; explicitFileType = archive.ar; includeInIndex = 0; path = "libPods-myhumm.a"; sourceTree = BUILT_PRODUCTS_DIR; };
		927F1D0A3E548D6CEE8DA98E /* Pods-myhumm.debug.xcconfig */ = {isa = PBXFileReference; includeInIndex = 1; lastKnownFileType = text.xcconfig; name = "Pods-myhumm.debug.xcconfig"; path = "Pods/Target Support Files/Pods-myhumm/Pods-myhumm.debug.xcconfig"; sourceTree = "<group>"; };
		93BA72B81C1392D300AE6DA2 /* ScheduleItem.h */ = {isa = PBXFileReference; fileEncoding = 4; lastKnownFileType = sourcecode.c.h; path = ScheduleItem.h; sourceTree = "<group>"; };
		93BA72B91C1392D300AE6DA2 /* ScheduleItem.m */ = {isa = PBXFileReference; fileEncoding = 4; lastKnownFileType = sourcecode.c.objc; path = ScheduleItem.m; sourceTree = "<group>"; };
/* End PBXFileReference section */

/* Begin PBXFrameworksBuildPhase section */
		7BEE8BA81C136C68000C7521 /* Frameworks */ = {
			isa = PBXFrameworksBuildPhase;
			buildActionMask = 2147483647;
			files = (
				EA36A9A5C1F05B90C7D8834F /* libPods-myhumm.a in Frameworks */,
			);
			runOnlyForDeploymentPostprocessing = 0;
		};
		7BEE8BC11C136C69000C7521 /* Frameworks */ = {
			isa = PBXFrameworksBuildPhase;
			buildActionMask = 2147483647;
			files = (
			);
			runOnlyForDeploymentPostprocessing = 0;
		};
		7BEE8BCC1C136C69000C7521 /* Frameworks */ = {
			isa = PBXFrameworksBuildPhase;
			buildActionMask = 2147483647;
			files = (
			);
			runOnlyForDeploymentPostprocessing = 0;
		};
/* End PBXFrameworksBuildPhase section */

/* Begin PBXGroup section */
		18354FF7A7DE7DB6332BDA4A /* Pods */ = {
			isa = PBXGroup;
			children = (
				927F1D0A3E548D6CEE8DA98E /* Pods-myhumm.debug.xcconfig */,
				21661BFA046EA132D795AF5B /* Pods-myhumm.release.xcconfig */,
			);
			name = Pods;
			sourceTree = "<group>";
		};
		4DF402D3C063D0A24231D01B /* Frameworks */ = {
			isa = PBXGroup;
			children = (
				8972EE0BE285C456C0894956 /* libPods-myhumm.a */,
			);
			name = Frameworks;
			sourceTree = "<group>";
		};
		7BEE8BA21C136C68000C7521 = {
			isa = PBXGroup;
			children = (
				7BEE8BAD1C136C68000C7521 /* myhumm */,
				7BEE8BC71C136C69000C7521 /* myhummTests */,
				7BEE8BD21C136C69000C7521 /* myhummUITests */,
				7BEE8BAC1C136C68000C7521 /* Products */,
				18354FF7A7DE7DB6332BDA4A /* Pods */,
				4DF402D3C063D0A24231D01B /* Frameworks */,
			);
			sourceTree = "<group>";
		};
		7BEE8BAC1C136C68000C7521 /* Products */ = {
			isa = PBXGroup;
			children = (
				7BEE8BAB1C136C68000C7521 /* myhumm.app */,
				7BEE8BC41C136C69000C7521 /* myhummTests.xctest */,
				7BEE8BCF1C136C69000C7521 /* myhummUITests.xctest */,
			);
			name = Products;
			sourceTree = "<group>";
		};
		7BEE8BAD1C136C68000C7521 /* myhumm */ = {
			isa = PBXGroup;
			children = (
				93BA72B71C13929A00AE6DA2 /* Models */,
				7B68D34F1C138E7F00B9CA58 /* ScheduleService.h */,
				7B68D3501C138E7F00B9CA58 /* ScheduleService.m */,
				7BEE8BFB1C136E29000C7521 /* myhumm-ios-sdk */,
				7BEE8BB11C136C68000C7521 /* AppDelegate.h */,
				7BEE8BB21C136C68000C7521 /* AppDelegate.m */,
				7BEE8BB41C136C68000C7521 /* ViewController.h */,
				7BEE8BB51C136C68000C7521 /* ViewController.m */,
				7BEE8BB71C136C68000C7521 /* Main.storyboard */,
				7BEE8BBA1C136C68000C7521 /* Assets.xcassets */,
				7BEE8BBC1C136C68000C7521 /* LaunchScreen.storyboard */,
				7BEE8BBF1C136C68000C7521 /* Info.plist */,
				7BEE8BAE1C136C68000C7521 /* Supporting Files */,
			);
			path = myhumm;
			sourceTree = "<group>";
		};
		7BEE8BAE1C136C68000C7521 /* Supporting Files */ = {
			isa = PBXGroup;
			children = (
				7BEE8BAF1C136C68000C7521 /* main.m */,
			);
			name = "Supporting Files";
			sourceTree = "<group>";
		};
		7BEE8BC71C136C69000C7521 /* myhummTests */ = {
			isa = PBXGroup;
			children = (
				7BEE8BC81C136C69000C7521 /* myhummTests.m */,
				7BEE8BCA1C136C69000C7521 /* Info.plist */,
			);
			path = myhummTests;
			sourceTree = "<group>";
		};
		7BEE8BD21C136C69000C7521 /* myhummUITests */ = {
			isa = PBXGroup;
			children = (
				7BEE8BD31C136C69000C7521 /* myhummUITests.m */,
				7BEE8BD51C136C69000C7521 /* Info.plist */,
			);
			path = myhummUITests;
			sourceTree = "<group>";
		};
		7BEE8BEB1C136E29000C7521 /* Model */ = {
			isa = PBXGroup;
			children = (
				7BEE8BE11C136E29000C7521 /* Artist.h */,
				7BEE8BE21C136E29000C7521 /* Artist.m */,
				7BEE8BE31C136E29000C7521 /* LoginInfo.h */,
				7BEE8BE41C136E29000C7521 /* LoginInfo.m */,
				7BEE8BE51C136E29000C7521 /* Playlist.h */,
				7BEE8BE61C136E29000C7521 /* Playlist.m */,
				7BEE8BE71C136E29000C7521 /* Song.h */,
				7BEE8BE81C136E29000C7521 /* Song.m */,
				7BEE8BE91C136E29000C7521 /* User.h */,
				7BEE8BEA1C136E29000C7521 /* User.m */,
			);
			name = Model;
			path = API/Model;
			sourceTree = "<group>";
		};
		7BEE8BF61C136E29000C7521 /* API */ = {
			isa = PBXGroup;
			children = (
				7BEE8BEC1C136E29000C7521 /* ArtistsAPI.h */,
				7BEE8BED1C136E29000C7521 /* ArtistsAPI.m */,
				7BEE8BEE1C136E29000C7521 /* OthersAPI.h */,
				7BEE8BEF1C136E29000C7521 /* OthersAPI.m */,
				7BEE8BF01C136E29000C7521 /* PlaylistsAPI.h */,
				7BEE8BF11C136E29000C7521 /* PlaylistsAPI.m */,
				7BEE8BF21C136E29000C7521 /* SongsAPI.h */,
				7BEE8BF31C136E29000C7521 /* SongsAPI.m */,
				7BEE8BF41C136E29000C7521 /* UserAPI.h */,
				7BEE8BF51C136E29000C7521 /* UserAPI.m */,
			);
			path = API;
			sourceTree = "<group>";
		};
		7BEE8BFB1C136E29000C7521 /* myhumm-ios-sdk */ = {
			isa = PBXGroup;
			children = (
				7BEE8BEB1C136E29000C7521 /* Model */,
				7BEE8BF61C136E29000C7521 /* API */,
				7BEE8BF71C136E29000C7521 /* HummAPI.h */,
				7BEE8BF81C136E29000C7521 /* HummAPI.m */,
				7BEE8BF91C136E29000C7521 /* AFNetworkActivityLogger.h */,
				7BEE8BFA1C136E29000C7521 /* AFNetworkActivityLogger.m */,
			);
			name = "myhumm-ios-sdk";
			path = "../../humm-ios-sdk/wrapper";
			sourceTree = "<group>";
		};
		93BA72B71C13929A00AE6DA2 /* Models */ = {
			isa = PBXGroup;
			children = (
				93BA72B81C1392D300AE6DA2 /* ScheduleItem.h */,
				93BA72B91C1392D300AE6DA2 /* ScheduleItem.m */,
			);
			name = Models;
			sourceTree = "<group>";
		};
/* End PBXGroup section */

/* Begin PBXNativeTarget section */
		7BEE8BAA1C136C68000C7521 /* myhumm */ = {
			isa = PBXNativeTarget;
			buildConfigurationList = 7BEE8BD81C136C69000C7521 /* Build configuration list for PBXNativeTarget "myhumm" */;
			buildPhases = (
				A55F6038C517283F598EFE52 /* Check Pods Manifest.lock */,
				7BEE8BA71C136C68000C7521 /* Sources */,
				7BEE8BA81C136C68000C7521 /* Frameworks */,
				7BEE8BA91C136C68000C7521 /* Resources */,
				D7B1AE886A1FD1BCB3C773FB /* Embed Pods Frameworks */,
				1CC76C60B11306ACDF830134 /* Copy Pods Resources */,
			);
			buildRules = (
			);
			dependencies = (
			);
			name = myhumm;
			productName = myhumm;
			productReference = 7BEE8BAB1C136C68000C7521 /* myhumm.app */;
			productType = "com.apple.product-type.application";
		};
		7BEE8BC31C136C69000C7521 /* myhummTests */ = {
			isa = PBXNativeTarget;
			buildConfigurationList = 7BEE8BDB1C136C69000C7521 /* Build configuration list for PBXNativeTarget "myhummTests" */;
			buildPhases = (
				7BEE8BC01C136C69000C7521 /* Sources */,
				7BEE8BC11C136C69000C7521 /* Frameworks */,
				7BEE8BC21C136C69000C7521 /* Resources */,
			);
			buildRules = (
			);
			dependencies = (
				7BEE8BC61C136C69000C7521 /* PBXTargetDependency */,
			);
			name = myhummTests;
			productName = myhummTests;
			productReference = 7BEE8BC41C136C69000C7521 /* myhummTests.xctest */;
			productType = "com.apple.product-type.bundle.unit-test";
		};
		7BEE8BCE1C136C69000C7521 /* myhummUITests */ = {
			isa = PBXNativeTarget;
			buildConfigurationList = 7BEE8BDE1C136C69000C7521 /* Build configuration list for PBXNativeTarget "myhummUITests" */;
			buildPhases = (
				7BEE8BCB1C136C69000C7521 /* Sources */,
				7BEE8BCC1C136C69000C7521 /* Frameworks */,
				7BEE8BCD1C136C69000C7521 /* Resources */,
			);
			buildRules = (
			);
			dependencies = (
				7BEE8BD11C136C69000C7521 /* PBXTargetDependency */,
			);
			name = myhummUITests;
			productName = myhummUITests;
			productReference = 7BEE8BCF1C136C69000C7521 /* myhummUITests.xctest */;
			productType = "com.apple.product-type.bundle.ui-testing";
		};
/* End PBXNativeTarget section */

/* Begin PBXProject section */
		7BEE8BA31C136C68000C7521 /* Project object */ = {
			isa = PBXProject;
			attributes = {
				LastUpgradeCheck = 0710;
				ORGANIZATIONNAME = "Kankemwa Ishaku";
				TargetAttributes = {
					7BEE8BAA1C136C68000C7521 = {
						CreatedOnToolsVersion = 7.1.1;
						DevelopmentTeam = 67MCGJC5M4;
					};
					7BEE8BC31C136C69000C7521 = {
						CreatedOnToolsVersion = 7.1.1;
						DevelopmentTeam = 67MCGJC5M4;
						TestTargetID = 7BEE8BAA1C136C68000C7521;
					};
					7BEE8BCE1C136C69000C7521 = {
						CreatedOnToolsVersion = 7.1.1;
						DevelopmentTeam = 67MCGJC5M4;
						TestTargetID = 7BEE8BAA1C136C68000C7521;
					};
				};
			};
			buildConfigurationList = 7BEE8BA61C136C68000C7521 /* Build configuration list for PBXProject "myhumm" */;
			compatibilityVersion = "Xcode 3.2";
			developmentRegion = English;
			hasScannedForEncodings = 0;
			knownRegions = (
				en,
				Base,
			);
			mainGroup = 7BEE8BA21C136C68000C7521;
			productRefGroup = 7BEE8BAC1C136C68000C7521 /* Products */;
			projectDirPath = "";
			projectRoot = "";
			targets = (
				7BEE8BAA1C136C68000C7521 /* myhumm */,
				7BEE8BC31C136C69000C7521 /* myhummTests */,
				7BEE8BCE1C136C69000C7521 /* myhummUITests */,
			);
		};
/* End PBXProject section */

/* Begin PBXResourcesBuildPhase section */
		7BEE8BA91C136C68000C7521 /* Resources */ = {
			isa = PBXResourcesBuildPhase;
			buildActionMask = 2147483647;
			files = (
				7BEE8BBE1C136C68000C7521 /* LaunchScreen.storyboard in Resources */,
				7BEE8BBB1C136C68000C7521 /* Assets.xcassets in Resources */,
				7BEE8BB91C136C68000C7521 /* Main.storyboard in Resources */,
			);
			runOnlyForDeploymentPostprocessing = 0;
		};
		7BEE8BC21C136C69000C7521 /* Resources */ = {
			isa = PBXResourcesBuildPhase;
			buildActionMask = 2147483647;
			files = (
			);
			runOnlyForDeploymentPostprocessing = 0;
		};
		7BEE8BCD1C136C69000C7521 /* Resources */ = {
			isa = PBXResourcesBuildPhase;
			buildActionMask = 2147483647;
			files = (
			);
			runOnlyForDeploymentPostprocessing = 0;
		};
/* End PBXResourcesBuildPhase section */

/* Begin PBXShellScriptBuildPhase section */
		1CC76C60B11306ACDF830134 /* Copy Pods Resources */ = {
			isa = PBXShellScriptBuildPhase;
			buildActionMask = 2147483647;
			files = (
			);
			inputPaths = (
			);
			name = "Copy Pods Resources";
			outputPaths = (
			);
			runOnlyForDeploymentPostprocessing = 0;
			shellPath = /bin/sh;
			shellScript = "\"${SRCROOT}/Pods/Target Support Files/Pods-myhumm/Pods-myhumm-resources.sh\"\n";
			showEnvVarsInLog = 0;
		};
		A55F6038C517283F598EFE52 /* Check Pods Manifest.lock */ = {
			isa = PBXShellScriptBuildPhase;
			buildActionMask = 2147483647;
			files = (
			);
			inputPaths = (
			);
			name = "Check Pods Manifest.lock";
			outputPaths = (
			);
			runOnlyForDeploymentPostprocessing = 0;
			shellPath = /bin/sh;
			shellScript = "diff \"${PODS_ROOT}/../Podfile.lock\" \"${PODS_ROOT}/Manifest.lock\" > /dev/null\nif [[ $? != 0 ]] ; then\n    cat << EOM\nerror: The sandbox is not in sync with the Podfile.lock. Run 'pod install' or update your CocoaPods installation.\nEOM\n    exit 1\nfi\n";
			showEnvVarsInLog = 0;
		};
		D7B1AE886A1FD1BCB3C773FB /* Embed Pods Frameworks */ = {
			isa = PBXShellScriptBuildPhase;
			buildActionMask = 2147483647;
			files = (
			);
			inputPaths = (
			);
			name = "Embed Pods Frameworks";
			outputPaths = (
			);
			runOnlyForDeploymentPostprocessing = 0;
			shellPath = /bin/sh;
			shellScript = "\"${SRCROOT}/Pods/Target Support Files/Pods-myhumm/Pods-myhumm-frameworks.sh\"\n";
			showEnvVarsInLog = 0;
		};
/* End PBXShellScriptBuildPhase section */

/* Begin PBXSourcesBuildPhase section */
		7BEE8BA71C136C68000C7521 /* Sources */ = {
			isa = PBXSourcesBuildPhase;
			buildActionMask = 2147483647;
			files = (
				7BEE8C001C136E29000C7521 /* User.m in Sources */,
				7BEE8BFF1C136E29000C7521 /* Song.m in Sources */,
				7BEE8BB61C136C68000C7521 /* ViewController.m in Sources */,
				7BEE8BFE1C136E29000C7521 /* Playlist.m in Sources */,
				7BEE8C011C136E29000C7521 /* ArtistsAPI.m in Sources */,
				7BEE8BB31C136C68000C7521 /* AppDelegate.m in Sources */,
				7BEE8BFC1C136E29000C7521 /* Artist.m in Sources */,
				93BA72BA1C1392D300AE6DA2 /* ScheduleItem.m in Sources */,
				7BEE8C051C136E29000C7521 /* UserAPI.m in Sources */,
				7BEE8BFD1C136E29000C7521 /* LoginInfo.m in Sources */,
				7BEE8BB01C136C68000C7521 /* main.m in Sources */,
				7B68D3511C138E7F00B9CA58 /* ScheduleService.m in Sources */,
				7BEE8C071C136E29000C7521 /* AFNetworkActivityLogger.m in Sources */,
				7BEE8C041C136E29000C7521 /* SongsAPI.m in Sources */,
				7BEE8C031C136E29000C7521 /* PlaylistsAPI.m in Sources */,
				7BEE8C021C136E29000C7521 /* OthersAPI.m in Sources */,
				7BEE8C061C136E29000C7521 /* HummAPI.m in Sources */,
			);
			runOnlyForDeploymentPostprocessing = 0;
		};
		7BEE8BC01C136C69000C7521 /* Sources */ = {
			isa = PBXSourcesBuildPhase;
			buildActionMask = 2147483647;
			files = (
				7BEE8BC91C136C69000C7521 /* myhummTests.m in Sources */,
			);
			runOnlyForDeploymentPostprocessing = 0;
		};
		7BEE8BCB1C136C69000C7521 /* Sources */ = {
			isa = PBXSourcesBuildPhase;
			buildActionMask = 2147483647;
			files = (
				7BEE8BD41C136C69000C7521 /* myhummUITests.m in Sources */,
			);
			runOnlyForDeploymentPostprocessing = 0;
		};
/* End PBXSourcesBuildPhase section */

/* Begin PBXTargetDependency section */
		7BEE8BC61C136C69000C7521 /* PBXTargetDependency */ = {
			isa = PBXTargetDependency;
			target = 7BEE8BAA1C136C68000C7521 /* myhumm */;
			targetProxy = 7BEE8BC51C136C69000C7521 /* PBXContainerItemProxy */;
		};
		7BEE8BD11C136C69000C7521 /* PBXTargetDependency */ = {
			isa = PBXTargetDependency;
			target = 7BEE8BAA1C136C68000C7521 /* myhumm */;
			targetProxy = 7BEE8BD01C136C69000C7521 /* PBXContainerItemProxy */;
		};
/* End PBXTargetDependency section */

/* Begin PBXVariantGroup section */
		7BEE8BB71C136C68000C7521 /* Main.storyboard */ = {
			isa = PBXVariantGroup;
			children = (
				7BEE8BB81C136C68000C7521 /* Base */,
			);
			name = Main.storyboard;
			sourceTree = "<group>";
		};
		7BEE8BBC1C136C68000C7521 /* LaunchScreen.storyboard */ = {
			isa = PBXVariantGroup;
			children = (
				7BEE8BBD1C136C68000C7521 /* Base */,
			);
			name = LaunchScreen.storyboard;
			sourceTree = "<group>";
		};
/* End PBXVariantGroup section */

/* Begin XCBuildConfiguration section */
		7BEE8BD61C136C69000C7521 /* Debug */ = {
			isa = XCBuildConfiguration;
			buildSettings = {
				ALWAYS_SEARCH_USER_PATHS = NO;
				CLANG_CXX_LANGUAGE_STANDARD = "gnu++0x";
				CLANG_CXX_LIBRARY = "libc++";
				CLANG_ENABLE_MODULES = YES;
				CLANG_ENABLE_OBJC_ARC = YES;
				CLANG_WARN_BOOL_CONVERSION = YES;
				CLANG_WARN_CONSTANT_CONVERSION = YES;
				CLANG_WARN_DIRECT_OBJC_ISA_USAGE = YES_ERROR;
				CLANG_WARN_EMPTY_BODY = YES;
				CLANG_WARN_ENUM_CONVERSION = YES;
				CLANG_WARN_INT_CONVERSION = YES;
				CLANG_WARN_OBJC_ROOT_CLASS = YES_ERROR;
				CLANG_WARN_UNREACHABLE_CODE = YES;
				CLANG_WARN__DUPLICATE_METHOD_MATCH = YES;
				"CODE_SIGN_IDENTITY[sdk=iphoneos*]" = "iPhone Developer";
				COPY_PHASE_STRIP = NO;
				DEBUG_INFORMATION_FORMAT = dwarf;
				ENABLE_STRICT_OBJC_MSGSEND = YES;
				ENABLE_TESTABILITY = YES;
				GCC_C_LANGUAGE_STANDARD = gnu99;
				GCC_DYNAMIC_NO_PIC = NO;
				GCC_NO_COMMON_BLOCKS = YES;
				GCC_OPTIMIZATION_LEVEL = 0;
				GCC_PREPROCESSOR_DEFINITIONS = (
					"DEBUG=1",
					"$(inherited)",
				);
				GCC_WARN_64_TO_32_BIT_CONVERSION = YES;
				GCC_WARN_ABOUT_RETURN_TYPE = YES_ERROR;
				GCC_WARN_UNDECLARED_SELECTOR = YES;
				GCC_WARN_UNINITIALIZED_AUTOS = YES_AGGRESSIVE;
				GCC_WARN_UNUSED_FUNCTION = YES;
				GCC_WARN_UNUSED_VARIABLE = YES;
				IPHONEOS_DEPLOYMENT_TARGET = 9.1;
				MTL_ENABLE_DEBUG_INFO = YES;
				ONLY_ACTIVE_ARCH = YES;
				SDKROOT = iphoneos;
				TARGETED_DEVICE_FAMILY = "1,2";
			};
			name = Debug;
		};
		7BEE8BD71C136C69000C7521 /* Release */ = {
			isa = XCBuildConfiguration;
			buildSettings = {
				ALWAYS_SEARCH_USER_PATHS = NO;
				CLANG_CXX_LANGUAGE_STANDARD = "gnu++0x";
				CLANG_CXX_LIBRARY = "libc++";
				CLANG_ENABLE_MODULES = YES;
				CLANG_ENABLE_OBJC_ARC = YES;
				CLANG_WARN_BOOL_CONVERSION = YES;
				CLANG_WARN_CONSTANT_CONVERSION = YES;
				CLANG_WARN_DIRECT_OBJC_ISA_USAGE = YES_ERROR;
				CLANG_WARN_EMPTY_BODY = YES;
				CLANG_WARN_ENUM_CONVERSION = YES;
				CLANG_WARN_INT_CONVERSION = YES;
				CLANG_WARN_OBJC_ROOT_CLASS = YES_ERROR;
				CLANG_WARN_UNREACHABLE_CODE = YES;
				CLANG_WARN__DUPLICATE_METHOD_MATCH = YES;
				"CODE_SIGN_IDENTITY[sdk=iphoneos*]" = "iPhone Developer";
				COPY_PHASE_STRIP = NO;
				DEBUG_INFORMATION_FORMAT = "dwarf-with-dsym";
				ENABLE_NS_ASSERTIONS = NO;
				ENABLE_STRICT_OBJC_MSGSEND = YES;
				GCC_C_LANGUAGE_STANDARD = gnu99;
				GCC_NO_COMMON_BLOCKS = YES;
				GCC_WARN_64_TO_32_BIT_CONVERSION = YES;
				GCC_WARN_ABOUT_RETURN_TYPE = YES_ERROR;
				GCC_WARN_UNDECLARED_SELECTOR = YES;
				GCC_WARN_UNINITIALIZED_AUTOS = YES_AGGRESSIVE;
				GCC_WARN_UNUSED_FUNCTION = YES;
				GCC_WARN_UNUSED_VARIABLE = YES;
				IPHONEOS_DEPLOYMENT_TARGET = 9.1;
				MTL_ENABLE_DEBUG_INFO = NO;
				SDKROOT = iphoneos;
				TARGETED_DEVICE_FAMILY = "1,2";
				VALIDATE_PRODUCT = YES;
			};
			name = Release;
		};
		7BEE8BD91C136C69000C7521 /* Debug */ = {
			isa = XCBuildConfiguration;
			baseConfigurationReference = 927F1D0A3E548D6CEE8DA98E /* Pods-myhumm.debug.xcconfig */;
			buildSettings = {
				ASSETCATALOG_COMPILER_APPICON_NAME = AppIcon;
				INFOPLIST_FILE = myhumm/Info.plist;
				LD_RUNPATH_SEARCH_PATHS = "$(inherited) @executable_path/Frameworks";
				PRODUCT_BUNDLE_IDENTIFIER = test.myhumm;
				PRODUCT_NAME = "$(TARGET_NAME)";
			};
			name = Debug;
		};
		7BEE8BDA1C136C69000C7521 /* Release */ = {
			isa = XCBuildConfiguration;
			baseConfigurationReference = 21661BFA046EA132D795AF5B /* Pods-myhumm.release.xcconfig */;
			buildSettings = {
				ASSETCATALOG_COMPILER_APPICON_NAME = AppIcon;
				INFOPLIST_FILE = myhumm/Info.plist;
				LD_RUNPATH_SEARCH_PATHS = "$(inherited) @executable_path/Frameworks";
				PRODUCT_BUNDLE_IDENTIFIER = test.myhumm;
				PRODUCT_NAME = "$(TARGET_NAME)";
			};
			name = Release;
		};
		7BEE8BDC1C136C69000C7521 /* Debug */ = {
			isa = XCBuildConfiguration;
			buildSettings = {
				BUNDLE_LOADER = "$(TEST_HOST)";
				INFOPLIST_FILE = myhummTests/Info.plist;
				LD_RUNPATH_SEARCH_PATHS = "$(inherited) @executable_path/Frameworks @loader_path/Frameworks";
				PRODUCT_BUNDLE_IDENTIFIER = test.myhummTests;
				PRODUCT_NAME = "$(TARGET_NAME)";
				TEST_HOST = "$(BUILT_PRODUCTS_DIR)/myhumm.app/myhumm";
			};
			name = Debug;
		};
		7BEE8BDD1C136C69000C7521 /* Release */ = {
			isa = XCBuildConfiguration;
			buildSettings = {
				BUNDLE_LOADER = "$(TEST_HOST)";
				INFOPLIST_FILE = myhummTests/Info.plist;
				LD_RUNPATH_SEARCH_PATHS = "$(inherited) @executable_path/Frameworks @loader_path/Frameworks";
				PRODUCT_BUNDLE_IDENTIFIER = test.myhummTests;
				PRODUCT_NAME = "$(TARGET_NAME)";
				TEST_HOST = "$(BUILT_PRODUCTS_DIR)/myhumm.app/myhumm";
			};
			name = Release;
		};
		7BEE8BDF1C136C69000C7521 /* Debug */ = {
			isa = XCBuildConfiguration;
			buildSettings = {
				INFOPLIST_FILE = myhummUITests/Info.plist;
				LD_RUNPATH_SEARCH_PATHS = "$(inherited) @executable_path/Frameworks @loader_path/Frameworks";
				PRODUCT_BUNDLE_IDENTIFIER = test.myhummUITests;
				PRODUCT_NAME = "$(TARGET_NAME)";
				TEST_TARGET_NAME = myhumm;
				USES_XCTRUNNER = YES;
			};
			name = Debug;
		};
		7BEE8BE01C136C69000C7521 /* Release */ = {
			isa = XCBuildConfiguration;
			buildSettings = {
				INFOPLIST_FILE = myhummUITests/Info.plist;
				LD_RUNPATH_SEARCH_PATHS = "$(inherited) @executable_path/Frameworks @loader_path/Frameworks";
				PRODUCT_BUNDLE_IDENTIFIER = test.myhummUITests;
				PRODUCT_NAME = "$(TARGET_NAME)";
				TEST_TARGET_NAME = myhumm;
				USES_XCTRUNNER = YES;
			};
			name = Release;
		};
/* End XCBuildConfiguration section */

/* Begin XCConfigurationList section */
		7BEE8BA61C136C68000C7521 /* Build configuration list for PBXProject "myhumm" */ = {
			isa = XCConfigurationList;
			buildConfigurations = (
				7BEE8BD61C136C69000C7521 /* Debug */,
				7BEE8BD71C136C69000C7521 /* Release */,
			);
			defaultConfigurationIsVisible = 0;
			defaultConfigurationName = Release;
		};
		7BEE8BD81C136C69000C7521 /* Build configuration list for PBXNativeTarget "myhumm" */ = {
			isa = XCConfigurationList;
			buildConfigurations = (
				7BEE8BD91C136C69000C7521 /* Debug */,
				7BEE8BDA1C136C69000C7521 /* Release */,
			);
			defaultConfigurationIsVisible = 0;
			defaultConfigurationName = Release;
		};
		7BEE8BDB1C136C69000C7521 /* Build configuration list for PBXNativeTarget "myhummTests" */ = {
			isa = XCConfigurationList;
			buildConfigurations = (
				7BEE8BDC1C136C69000C7521 /* Debug */,
				7BEE8BDD1C136C69000C7521 /* Release */,
			);
			defaultConfigurationIsVisible = 0;
			defaultConfigurationName = Release;
		};
		7BEE8BDE1C136C69000C7521 /* Build configuration list for PBXNativeTarget "myhummUITests" */ = {
			isa = XCConfigurationList;
			buildConfigurations = (
				7BEE8BDF1C136C69000C7521 /* Debug */,
				7BEE8BE01C136C69000C7521 /* Release */,
			);
			defaultConfigurationIsVisible = 0;
			defaultConfigurationName = Release;
		};
/* End XCConfigurationList section */
	};
	rootObject = 7BEE8BA31C136C68000C7521 /* Project object */;
}
